
Microsoft Visual Studio Solution File, Format Version 12.00
# Visual Studio Version 16
VisualStudioVersion = 16.0.30011.22
MinimumVisualStudioVersion = 10.0.40219.1
Project("{FAE04EC0-301F-11D3-BF4B-00C04F79EFBC}") = "01. Dating App", "01. Dating App\01. Dating App.csproj", "{8076FB5F-0BB9-408C-BAB7-5A9E753434DF}"
EndProject
Project("{FAE04EC0-301F-11D3-BF4B-00C04F79EFBC}") = "02. Book Worm", "02. Book Worm\02. Book Worm.csproj", "{7F905BA4-71C5-4A1C-9BC9-B55FE317EA33}"
EndProject
Global
	GlobalSection(SolutionConfigurationPlatforms) = preSolution
		Debug|Any CPU = Debug|Any CPU
		Release|Any CPU = Release|Any CPU
	EndGlobalSection
	GlobalSection(ProjectConfigurationPlatforms) = postSolution
		{8076FB5F-0BB9-408C-BAB7-5A9E753434DF}.Debug|Any CPU.ActiveCfg = Debug|Any CPU
		{8076FB5F-0BB9-408C-BAB7-5A9E753434DF}.Debug|Any CPU.Build.0 = Debug|Any CPU
		{8076FB5F-0BB9-408C-BAB7-5A9E753434DF}.Release|Any CPU.ActiveCfg = Release|Any CPU
		{8076FB5F-0BB9-408C-BAB7-5A9E753434DF}.Release|Any CPU.Build.0 = Release|Any CPU
		{7F905BA4-71C5-4A1C-9BC9-B55FE317EA33}.Debug|Any CPU.ActiveCfg = Debug|Any CPU
		{7F905BA4-71C5-4A1C-9BC9-B55FE317EA33}.Debug|Any CPU.Build.0 = Debug|Any CPU
		{7F905BA4-71C5-4A1C-9BC9-B55FE317EA33}.Release|Any CPU.ActiveCfg = Release|Any CPU
		{7F905BA4-71C5-4A1C-9BC9-B55FE317EA33}.Release|Any CPU.Build.0 = Release|Any CPU
	EndGlobalSection
	GlobalSection(SolutionProperties) = preSolution
		HideSolutionNode = FALSE
	EndGlobalSection
	GlobalSection(ExtensibilityGlobals) = postSolution
		SolutionGuid = {E0C7D362-DB9A-43AC-A8D1-DE828555313B}
	EndGlobalSection
EndGlobal
