
Microsoft Visual Studio Solution File, Format Version 12.00
# Visual Studio Version 16
VisualStudioVersion = 16.0.30011.22
MinimumVisualStudioVersion = 10.0.40219.1
Project("{9A19103F-16F7-4668-BE54-9A1E7A4F7556}") = "01. Sort Even Numbers", "01. Sort Even Numbers\01. Sort Even Numbers.csproj", "{04112419-3CFA-4ECE-A8D6-5D052543A42A}"
EndProject
Project("{9A19103F-16F7-4668-BE54-9A1E7A4F7556}") = "02. Sum Numbers", "02. Sum Numbers\02. Sum Numbers.csproj", "{D397A571-F45D-434E-82B2-EA7755352D7F}"
EndProject
Project("{9A19103F-16F7-4668-BE54-9A1E7A4F7556}") = "03. Count Uppercase Words", "03. Count Uppercase Words\03. Count Uppercase Words.csproj", "{F993AB6D-8EB6-4F0A-A63B-521ABF682503}"
EndProject
Project("{9A19103F-16F7-4668-BE54-9A1E7A4F7556}") = "04. Add VAT", "04. Add VAT\04. Add VAT.csproj", "{CC76C5A6-FFE6-4FC6-9F90-9B09D8C2142A}"
EndProject
Project("{FAE04EC0-301F-11D3-BF4B-00C04F79EFBC}") = "05. Filter by Age", "05. Filter by Age\05. Filter by Age.csproj", "{DCC5558F-F868-4484-B505-B7CCC618EA27}"
EndProject
Global
	GlobalSection(SolutionConfigurationPlatforms) = preSolution
		Debug|Any CPU = Debug|Any CPU
		Release|Any CPU = Release|Any CPU
	EndGlobalSection
	GlobalSection(ProjectConfigurationPlatforms) = postSolution
		{04112419-3CFA-4ECE-A8D6-5D052543A42A}.Debug|Any CPU.ActiveCfg = Debug|Any CPU
		{04112419-3CFA-4ECE-A8D6-5D052543A42A}.Debug|Any CPU.Build.0 = Debug|Any CPU
		{04112419-3CFA-4ECE-A8D6-5D052543A42A}.Release|Any CPU.ActiveCfg = Release|Any CPU
		{04112419-3CFA-4ECE-A8D6-5D052543A42A}.Release|Any CPU.Build.0 = Release|Any CPU
		{D397A571-F45D-434E-82B2-EA7755352D7F}.Debug|Any CPU.ActiveCfg = Debug|Any CPU
		{D397A571-F45D-434E-82B2-EA7755352D7F}.Debug|Any CPU.Build.0 = Debug|Any CPU
		{D397A571-F45D-434E-82B2-EA7755352D7F}.Release|Any CPU.ActiveCfg = Release|Any CPU
		{D397A571-F45D-434E-82B2-EA7755352D7F}.Release|Any CPU.Build.0 = Release|Any CPU
		{F993AB6D-8EB6-4F0A-A63B-521ABF682503}.Debug|Any CPU.ActiveCfg = Debug|Any CPU
		{F993AB6D-8EB6-4F0A-A63B-521ABF682503}.Debug|Any CPU.Build.0 = Debug|Any CPU
		{F993AB6D-8EB6-4F0A-A63B-521ABF682503}.Release|Any CPU.ActiveCfg = Release|Any CPU
		{F993AB6D-8EB6-4F0A-A63B-521ABF682503}.Release|Any CPU.Build.0 = Release|Any CPU
		{CC76C5A6-FFE6-4FC6-9F90-9B09D8C2142A}.Debug|Any CPU.ActiveCfg = Debug|Any CPU
		{CC76C5A6-FFE6-4FC6-9F90-9B09D8C2142A}.Debug|Any CPU.Build.0 = Debug|Any CPU
		{CC76C5A6-FFE6-4FC6-9F90-9B09D8C2142A}.Release|Any CPU.ActiveCfg = Release|Any CPU
		{CC76C5A6-FFE6-4FC6-9F90-9B09D8C2142A}.Release|Any CPU.Build.0 = Release|Any CPU
		{DCC5558F-F868-4484-B505-B7CCC618EA27}.Debug|Any CPU.ActiveCfg = Debug|Any CPU
		{DCC5558F-F868-4484-B505-B7CCC618EA27}.Debug|Any CPU.Build.0 = Debug|Any CPU
		{DCC5558F-F868-4484-B505-B7CCC618EA27}.Release|Any CPU.ActiveCfg = Release|Any CPU
		{DCC5558F-F868-4484-B505-B7CCC618EA27}.Release|Any CPU.Build.0 = Release|Any CPU
	EndGlobalSection
	GlobalSection(SolutionProperties) = preSolution
		HideSolutionNode = FALSE
	EndGlobalSection
	GlobalSection(ExtensibilityGlobals) = postSolution
		SolutionGuid = {A4823FB1-E291-4CE2-AD41-48B70ECC3403}
	EndGlobalSection
EndGlobal
