
Microsoft Visual Studio Solution File, Format Version 12.00
# Visual Studio Version 16
VisualStudioVersion = 16.0.30011.22
MinimumVisualStudioVersion = 10.0.40219.1
Project("{9A19103F-16F7-4668-BE54-9A1E7A4F7556}") = "01. Diagonal Difference", "01. Diagonal Difference\01. Diagonal Difference.csproj", "{CA890211-CD31-49C5-9D7E-6E74EBD014AD}"
EndProject
Project("{9A19103F-16F7-4668-BE54-9A1E7A4F7556}") = "02. Squares in Matrix", "02. Squares in Matrix\02. Squares in Matrix.csproj", "{DFBEFE17-9969-47B9-B912-D795D4338219}"
EndProject
Project("{9A19103F-16F7-4668-BE54-9A1E7A4F7556}") = "03. Maximal Sum", "03. Maximal Sum\03. Maximal Sum.csproj", "{43493119-304F-4E8B-8728-30FB847F75AA}"
EndProject
Project("{9A19103F-16F7-4668-BE54-9A1E7A4F7556}") = "04. Matrix Shuffling", "04. Matrix Shuffling\04. Matrix Shuffling.csproj", "{9C4A0219-8DA8-4D0C-A7D0-243B839C916A}"
EndProject
Project("{9A19103F-16F7-4668-BE54-9A1E7A4F7556}") = "05. Snake Moves", "05. Snake Moves\05. Snake Moves.csproj", "{DD8EFC83-4CA9-49B5-A3F5-A48CADE9E56C}"
EndProject
Project("{9A19103F-16F7-4668-BE54-9A1E7A4F7556}") = "06. Jagged Array Manipulator", "06. Jagged Array Manipulator\06. Jagged Array Manipulator.csproj", "{40211667-1E4A-409A-B065-1B37ED82004A}"
EndProject
Project("{FAE04EC0-301F-11D3-BF4B-00C04F79EFBC}") = "07. Knight Game", "07. Knight Game\07. Knight Game.csproj", "{C613AEDA-6CCC-4B55-887B-76B06308A3E7}"
EndProject
Global
	GlobalSection(SolutionConfigurationPlatforms) = preSolution
		Debug|Any CPU = Debug|Any CPU
		Release|Any CPU = Release|Any CPU
	EndGlobalSection
	GlobalSection(ProjectConfigurationPlatforms) = postSolution
		{CA890211-CD31-49C5-9D7E-6E74EBD014AD}.Debug|Any CPU.ActiveCfg = Debug|Any CPU
		{CA890211-CD31-49C5-9D7E-6E74EBD014AD}.Debug|Any CPU.Build.0 = Debug|Any CPU
		{CA890211-CD31-49C5-9D7E-6E74EBD014AD}.Release|Any CPU.ActiveCfg = Release|Any CPU
		{CA890211-CD31-49C5-9D7E-6E74EBD014AD}.Release|Any CPU.Build.0 = Release|Any CPU
		{DFBEFE17-9969-47B9-B912-D795D4338219}.Debug|Any CPU.ActiveCfg = Debug|Any CPU
		{DFBEFE17-9969-47B9-B912-D795D4338219}.Debug|Any CPU.Build.0 = Debug|Any CPU
		{DFBEFE17-9969-47B9-B912-D795D4338219}.Release|Any CPU.ActiveCfg = Release|Any CPU
		{DFBEFE17-9969-47B9-B912-D795D4338219}.Release|Any CPU.Build.0 = Release|Any CPU
		{43493119-304F-4E8B-8728-30FB847F75AA}.Debug|Any CPU.ActiveCfg = Debug|Any CPU
		{43493119-304F-4E8B-8728-30FB847F75AA}.Debug|Any CPU.Build.0 = Debug|Any CPU
		{43493119-304F-4E8B-8728-30FB847F75AA}.Release|Any CPU.ActiveCfg = Release|Any CPU
		{43493119-304F-4E8B-8728-30FB847F75AA}.Release|Any CPU.Build.0 = Release|Any CPU
		{9C4A0219-8DA8-4D0C-A7D0-243B839C916A}.Debug|Any CPU.ActiveCfg = Debug|Any CPU
		{9C4A0219-8DA8-4D0C-A7D0-243B839C916A}.Debug|Any CPU.Build.0 = Debug|Any CPU
		{9C4A0219-8DA8-4D0C-A7D0-243B839C916A}.Release|Any CPU.ActiveCfg = Release|Any CPU
		{9C4A0219-8DA8-4D0C-A7D0-243B839C916A}.Release|Any CPU.Build.0 = Release|Any CPU
		{DD8EFC83-4CA9-49B5-A3F5-A48CADE9E56C}.Debug|Any CPU.ActiveCfg = Debug|Any CPU
		{DD8EFC83-4CA9-49B5-A3F5-A48CADE9E56C}.Debug|Any CPU.Build.0 = Debug|Any CPU
		{DD8EFC83-4CA9-49B5-A3F5-A48CADE9E56C}.Release|Any CPU.ActiveCfg = Release|Any CPU
		{DD8EFC83-4CA9-49B5-A3F5-A48CADE9E56C}.Release|Any CPU.Build.0 = Release|Any CPU
		{40211667-1E4A-409A-B065-1B37ED82004A}.Debug|Any CPU.ActiveCfg = Debug|Any CPU
		{40211667-1E4A-409A-B065-1B37ED82004A}.Debug|Any CPU.Build.0 = Debug|Any CPU
		{40211667-1E4A-409A-B065-1B37ED82004A}.Release|Any CPU.ActiveCfg = Release|Any CPU
		{40211667-1E4A-409A-B065-1B37ED82004A}.Release|Any CPU.Build.0 = Release|Any CPU
		{C613AEDA-6CCC-4B55-887B-76B06308A3E7}.Debug|Any CPU.ActiveCfg = Debug|Any CPU
		{C613AEDA-6CCC-4B55-887B-76B06308A3E7}.Debug|Any CPU.Build.0 = Debug|Any CPU
		{C613AEDA-6CCC-4B55-887B-76B06308A3E7}.Release|Any CPU.ActiveCfg = Release|Any CPU
		{C613AEDA-6CCC-4B55-887B-76B06308A3E7}.Release|Any CPU.Build.0 = Release|Any CPU
	EndGlobalSection
	GlobalSection(SolutionProperties) = preSolution
		HideSolutionNode = FALSE
	EndGlobalSection
	GlobalSection(ExtensibilityGlobals) = postSolution
		SolutionGuid = {9FFDBCFA-5598-49E0-B88C-34AA9081266F}
	EndGlobalSection
EndGlobal
