
Microsoft Visual Studio Solution File, Format Version 12.00
# Visual Studio Version 16
VisualStudioVersion = 16.0.30011.22
MinimumVisualStudioVersion = 10.0.40219.1
Project("{9A19103F-16F7-4668-BE54-9A1E7A4F7556}") = "01. Basic Stack Operations", "02. Stacks and Queues Exercise\01. Basic Stack Operations.csproj", "{0C79F863-44E3-4A34-8204-CE8149A48D60}"
EndProject
Project("{9A19103F-16F7-4668-BE54-9A1E7A4F7556}") = "02. Basic Queue Operations", "02. Basic Queue Operations\02. Basic Queue Operations.csproj", "{FC7889F4-2692-4A70-8D08-BDD4F68F220C}"
EndProject
Project("{9A19103F-16F7-4668-BE54-9A1E7A4F7556}") = "03. Maximum and Minimum Element", "03. Maximum and Minimum Element\03. Maximum and Minimum Element.csproj", "{6696D1F9-F881-4D21-B915-48E316BCD93B}"
EndProject
Project("{FAE04EC0-301F-11D3-BF4B-00C04F79EFBC}") = "04. Fast Food", "04. Fast Food\04. Fast Food.csproj", "{8AF4D7B7-5DA1-490F-B84C-A5D00171C5C4}"
EndProject
Project("{FAE04EC0-301F-11D3-BF4B-00C04F79EFBC}") = "05. Fashion Boutique", "05. Fashion Boutique\05. Fashion Boutique.csproj", "{E7F66966-5AB9-4558-96DD-E1BC0D00A749}"
EndProject
Project("{FAE04EC0-301F-11D3-BF4B-00C04F79EFBC}") = "06. Songs Queue", "06. Songs Queue\06. Songs Queue.csproj", "{696E6C19-84E6-401D-97BC-F233DE6511D5}"
EndProject
Project("{FAE04EC0-301F-11D3-BF4B-00C04F79EFBC}") = "07. Truck Tour", "07. Truck Tour\07. Truck Tour.csproj", "{C1A730F1-3845-4F58-8A5A-FFEFD6C97068}"
EndProject
Project("{FAE04EC0-301F-11D3-BF4B-00C04F79EFBC}") = "08. Balanced Parenthesis", "08. Balanced Parenthesis\08. Balanced Parenthesis.csproj", "{326ECDD7-0C44-4E7E-B15E-5F3F1AD256C6}"
EndProject
Project("{FAE04EC0-301F-11D3-BF4B-00C04F79EFBC}") = "09. Simple Text Editor", "09. Simple Text Editor\09. Simple Text Editor.csproj", "{BE06B57E-8030-4892-AA1D-64525B92C70F}"
EndProject
Global
	GlobalSection(SolutionConfigurationPlatforms) = preSolution
		Debug|Any CPU = Debug|Any CPU
		Release|Any CPU = Release|Any CPU
	EndGlobalSection
	GlobalSection(ProjectConfigurationPlatforms) = postSolution
		{0C79F863-44E3-4A34-8204-CE8149A48D60}.Debug|Any CPU.ActiveCfg = Debug|Any CPU
		{0C79F863-44E3-4A34-8204-CE8149A48D60}.Debug|Any CPU.Build.0 = Debug|Any CPU
		{0C79F863-44E3-4A34-8204-CE8149A48D60}.Release|Any CPU.ActiveCfg = Release|Any CPU
		{0C79F863-44E3-4A34-8204-CE8149A48D60}.Release|Any CPU.Build.0 = Release|Any CPU
		{FC7889F4-2692-4A70-8D08-BDD4F68F220C}.Debug|Any CPU.ActiveCfg = Debug|Any CPU
		{FC7889F4-2692-4A70-8D08-BDD4F68F220C}.Debug|Any CPU.Build.0 = Debug|Any CPU
		{FC7889F4-2692-4A70-8D08-BDD4F68F220C}.Release|Any CPU.ActiveCfg = Release|Any CPU
		{FC7889F4-2692-4A70-8D08-BDD4F68F220C}.Release|Any CPU.Build.0 = Release|Any CPU
		{6696D1F9-F881-4D21-B915-48E316BCD93B}.Debug|Any CPU.ActiveCfg = Debug|Any CPU
		{6696D1F9-F881-4D21-B915-48E316BCD93B}.Debug|Any CPU.Build.0 = Debug|Any CPU
		{6696D1F9-F881-4D21-B915-48E316BCD93B}.Release|Any CPU.ActiveCfg = Release|Any CPU
		{6696D1F9-F881-4D21-B915-48E316BCD93B}.Release|Any CPU.Build.0 = Release|Any CPU
		{8AF4D7B7-5DA1-490F-B84C-A5D00171C5C4}.Debug|Any CPU.ActiveCfg = Debug|Any CPU
		{8AF4D7B7-5DA1-490F-B84C-A5D00171C5C4}.Debug|Any CPU.Build.0 = Debug|Any CPU
		{8AF4D7B7-5DA1-490F-B84C-A5D00171C5C4}.Release|Any CPU.ActiveCfg = Release|Any CPU
		{8AF4D7B7-5DA1-490F-B84C-A5D00171C5C4}.Release|Any CPU.Build.0 = Release|Any CPU
		{E7F66966-5AB9-4558-96DD-E1BC0D00A749}.Debug|Any CPU.ActiveCfg = Debug|Any CPU
		{E7F66966-5AB9-4558-96DD-E1BC0D00A749}.Debug|Any CPU.Build.0 = Debug|Any CPU
		{E7F66966-5AB9-4558-96DD-E1BC0D00A749}.Release|Any CPU.ActiveCfg = Release|Any CPU
		{E7F66966-5AB9-4558-96DD-E1BC0D00A749}.Release|Any CPU.Build.0 = Release|Any CPU
		{696E6C19-84E6-401D-97BC-F233DE6511D5}.Debug|Any CPU.ActiveCfg = Debug|Any CPU
		{696E6C19-84E6-401D-97BC-F233DE6511D5}.Debug|Any CPU.Build.0 = Debug|Any CPU
		{696E6C19-84E6-401D-97BC-F233DE6511D5}.Release|Any CPU.ActiveCfg = Release|Any CPU
		{696E6C19-84E6-401D-97BC-F233DE6511D5}.Release|Any CPU.Build.0 = Release|Any CPU
		{C1A730F1-3845-4F58-8A5A-FFEFD6C97068}.Debug|Any CPU.ActiveCfg = Debug|Any CPU
		{C1A730F1-3845-4F58-8A5A-FFEFD6C97068}.Debug|Any CPU.Build.0 = Debug|Any CPU
		{C1A730F1-3845-4F58-8A5A-FFEFD6C97068}.Release|Any CPU.ActiveCfg = Release|Any CPU
		{C1A730F1-3845-4F58-8A5A-FFEFD6C97068}.Release|Any CPU.Build.0 = Release|Any CPU
		{326ECDD7-0C44-4E7E-B15E-5F3F1AD256C6}.Debug|Any CPU.ActiveCfg = Debug|Any CPU
		{326ECDD7-0C44-4E7E-B15E-5F3F1AD256C6}.Debug|Any CPU.Build.0 = Debug|Any CPU
		{326ECDD7-0C44-4E7E-B15E-5F3F1AD256C6}.Release|Any CPU.ActiveCfg = Release|Any CPU
		{326ECDD7-0C44-4E7E-B15E-5F3F1AD256C6}.Release|Any CPU.Build.0 = Release|Any CPU
		{BE06B57E-8030-4892-AA1D-64525B92C70F}.Debug|Any CPU.ActiveCfg = Debug|Any CPU
		{BE06B57E-8030-4892-AA1D-64525B92C70F}.Debug|Any CPU.Build.0 = Debug|Any CPU
		{BE06B57E-8030-4892-AA1D-64525B92C70F}.Release|Any CPU.ActiveCfg = Release|Any CPU
		{BE06B57E-8030-4892-AA1D-64525B92C70F}.Release|Any CPU.Build.0 = Release|Any CPU
	EndGlobalSection
	GlobalSection(SolutionProperties) = preSolution
		HideSolutionNode = FALSE
	EndGlobalSection
	GlobalSection(ExtensibilityGlobals) = postSolution
		SolutionGuid = {F6024FE2-7C79-467C-8DE1-867272B6F4B7}
	EndGlobalSection
EndGlobal
