
Microsoft Visual Studio Solution File, Format Version 12.00
# Visual Studio Version 16
VisualStudioVersion = 16.0.30011.22
MinimumVisualStudioVersion = 10.0.40219.1
Project("{FAE04EC0-301F-11D3-BF4B-00C04F79EFBC}") = "01. Unique Usernames", "01. Unique Usernames\01. Unique Usernames.csproj", "{48F5D9B9-18A8-4FBA-825B-A1CE89B399D2}"
EndProject
Project("{FAE04EC0-301F-11D3-BF4B-00C04F79EFBC}") = "02. Sets of Elements", "02. Sets of Elements\02. Sets of Elements.csproj", "{9AD39894-769C-4824-A1C8-E8C415941B3A}"
EndProject
Project("{FAE04EC0-301F-11D3-BF4B-00C04F79EFBC}") = "03. Periodic Table", "03. Periodic Table\03. Periodic Table.csproj", "{38A1427E-B3CC-4BEA-AC98-47BC953719A9}"
EndProject
Project("{FAE04EC0-301F-11D3-BF4B-00C04F79EFBC}") = "04. Even Times", "04. Even Times\04. Even Times.csproj", "{62D2C7BA-CBA2-47A7-B552-A880D3B4760B}"
EndProject
Project("{FAE04EC0-301F-11D3-BF4B-00C04F79EFBC}") = "05. Count Symbols", "05. Count Symbols\05. Count Symbols.csproj", "{46576F85-1927-4718-A0B5-5A65F6E156BC}"
EndProject
Project("{FAE04EC0-301F-11D3-BF4B-00C04F79EFBC}") = "06. Wardrobe", "06. Wardrobe\06. Wardrobe.csproj", "{AC77A5F7-6906-443A-93DB-145AC5252406}"
EndProject
Global
	GlobalSection(SolutionConfigurationPlatforms) = preSolution
		Debug|Any CPU = Debug|Any CPU
		Release|Any CPU = Release|Any CPU
	EndGlobalSection
	GlobalSection(ProjectConfigurationPlatforms) = postSolution
		{48F5D9B9-18A8-4FBA-825B-A1CE89B399D2}.Debug|Any CPU.ActiveCfg = Debug|Any CPU
		{48F5D9B9-18A8-4FBA-825B-A1CE89B399D2}.Debug|Any CPU.Build.0 = Debug|Any CPU
		{48F5D9B9-18A8-4FBA-825B-A1CE89B399D2}.Release|Any CPU.ActiveCfg = Release|Any CPU
		{48F5D9B9-18A8-4FBA-825B-A1CE89B399D2}.Release|Any CPU.Build.0 = Release|Any CPU
		{9AD39894-769C-4824-A1C8-E8C415941B3A}.Debug|Any CPU.ActiveCfg = Debug|Any CPU
		{9AD39894-769C-4824-A1C8-E8C415941B3A}.Debug|Any CPU.Build.0 = Debug|Any CPU
		{9AD39894-769C-4824-A1C8-E8C415941B3A}.Release|Any CPU.ActiveCfg = Release|Any CPU
		{9AD39894-769C-4824-A1C8-E8C415941B3A}.Release|Any CPU.Build.0 = Release|Any CPU
		{38A1427E-B3CC-4BEA-AC98-47BC953719A9}.Debug|Any CPU.ActiveCfg = Debug|Any CPU
		{38A1427E-B3CC-4BEA-AC98-47BC953719A9}.Debug|Any CPU.Build.0 = Debug|Any CPU
		{38A1427E-B3CC-4BEA-AC98-47BC953719A9}.Release|Any CPU.ActiveCfg = Release|Any CPU
		{38A1427E-B3CC-4BEA-AC98-47BC953719A9}.Release|Any CPU.Build.0 = Release|Any CPU
		{62D2C7BA-CBA2-47A7-B552-A880D3B4760B}.Debug|Any CPU.ActiveCfg = Debug|Any CPU
		{62D2C7BA-CBA2-47A7-B552-A880D3B4760B}.Debug|Any CPU.Build.0 = Debug|Any CPU
		{62D2C7BA-CBA2-47A7-B552-A880D3B4760B}.Release|Any CPU.ActiveCfg = Release|Any CPU
		{62D2C7BA-CBA2-47A7-B552-A880D3B4760B}.Release|Any CPU.Build.0 = Release|Any CPU
		{46576F85-1927-4718-A0B5-5A65F6E156BC}.Debug|Any CPU.ActiveCfg = Debug|Any CPU
		{46576F85-1927-4718-A0B5-5A65F6E156BC}.Debug|Any CPU.Build.0 = Debug|Any CPU
		{46576F85-1927-4718-A0B5-5A65F6E156BC}.Release|Any CPU.ActiveCfg = Release|Any CPU
		{46576F85-1927-4718-A0B5-5A65F6E156BC}.Release|Any CPU.Build.0 = Release|Any CPU
		{AC77A5F7-6906-443A-93DB-145AC5252406}.Debug|Any CPU.ActiveCfg = Debug|Any CPU
		{AC77A5F7-6906-443A-93DB-145AC5252406}.Debug|Any CPU.Build.0 = Debug|Any CPU
		{AC77A5F7-6906-443A-93DB-145AC5252406}.Release|Any CPU.ActiveCfg = Release|Any CPU
		{AC77A5F7-6906-443A-93DB-145AC5252406}.Release|Any CPU.Build.0 = Release|Any CPU
	EndGlobalSection
	GlobalSection(SolutionProperties) = preSolution
		HideSolutionNode = FALSE
	EndGlobalSection
	GlobalSection(ExtensibilityGlobals) = postSolution
		SolutionGuid = {DF94FDC2-FA41-4243-9344-D68E408388C5}
	EndGlobalSection
EndGlobal
